
Microsoft Visual Studio Solution File, Format Version 12.00
# Visual Studio Version 17
VisualStudioVersion = 17.14.36414.22 d17.14
MinimumVisualStudioVersion = 10.0.40219.1
Project("{FAE04EC0-301F-11D3-BF4B-00C04F79EFBC}") = "MealMate-backend", "MealMate-backend\MealMate-backend.csproj", "{BA95982F-4890-422C-85FC-F792B689A95A}"
EndProject
Global
	GlobalSection(SolutionConfigurationPlatforms) = preSolution
		Debug|Any CPU = Debug|Any CPU
		Release|Any CPU = Release|Any CPU
	EndGlobalSection
	GlobalSection(ProjectConfigurationPlatforms) = postSolution
		{BA95982F-4890-422C-85FC-F792B689A95A}.Debug|Any CPU.ActiveCfg = Debug|Any CPU
		{BA95982F-4890-422C-85FC-F792B689A95A}.Debug|Any CPU.Build.0 = Debug|Any CPU
		{BA95982F-4890-422C-85FC-F792B689A95A}.Release|Any CPU.ActiveCfg = Release|Any CPU
		{BA95982F-4890-422C-85FC-F792B689A95A}.Release|Any CPU.Build.0 = Release|Any CPU
	EndGlobalSection
	GlobalSection(SolutionProperties) = preSolution
		HideSolutionNode = FALSE
	EndGlobalSection
	GlobalSection(ExtensibilityGlobals) = postSolution
		SolutionGuid = {736B6CEB-290A-42A6-9FDA-3DB2775FF37C}
	EndGlobalSection
EndGlobal
